
Microsoft Visual Studio Solution File, Format Version 12.00
# Visual Studio Version 17
VisualStudioVersion = 17.11.35312.102
MinimumVisualStudioVersion = 10.0.40219.1
Project("{FAE04EC0-301F-11D3-BF4B-00C04F79EFBC}") = "WebApplication1", "WebApplication1\WebApplication1.csproj", "{C11F5F1D-8B39-4487-B83F-18D7ADBC069A}"
EndProject
Global
	GlobalSection(SolutionConfigurationPlatforms) = preSolution
		Debug|Any CPU = Debug|Any CPU
		Release|Any CPU = Release|Any CPU
	EndGlobalSection
	GlobalSection(ProjectConfigurationPlatforms) = postSolution
		{C11F5F1D-8B39-4487-B83F-18D7ADBC069A}.Debug|Any CPU.ActiveCfg = Debug|Any CPU
		{C11F5F1D-8B39-4487-B83F-18D7ADBC069A}.Debug|Any CPU.Build.0 = Debug|Any CPU
		{C11F5F1D-8B39-4487-B83F-18D7ADBC069A}.Release|Any CPU.ActiveCfg = Release|Any CPU
		{C11F5F1D-8B39-4487-B83F-18D7ADBC069A}.Release|Any CPU.Build.0 = Release|Any CPU
	EndGlobalSection
	GlobalSection(SolutionProperties) = preSolution
		HideSolutionNode = FALSE
	EndGlobalSection
	GlobalSection(ExtensibilityGlobals) = postSolution
		SolutionGuid = {F01E7969-3C1F-42AA-B89D-46A77308FC23}
	EndGlobalSection
EndGlobal
